
Microsoft Visual Studio Solution File, Format Version 12.00
# Visual Studio 2013
VisualStudioVersion = 12.0.21005.1
MinimumVisualStudioVersion = 10.0.40219.1
Project("{FAE04EC0-301F-11D3-BF4B-00C04F79EFBC}") = "GoingToAParty", "TelerikAcademyExam9nov2016\GoingToAParty.csproj", "{F37A4825-0D8B-4284-860B-12CC8CED4ECA}"
EndProject
Project("{FAE04EC0-301F-11D3-BF4B-00C04F79EFBC}") = "SecretMessage", "SecretMessage\SecretMessage.csproj", "{510036C2-28E8-495F-894E-F1118B4616BE}"
EndProject
Project("{FAE04EC0-301F-11D3-BF4B-00C04F79EFBC}") = "MergingNumbers", "MergingNumbers\MergingNumbers.csproj", "{64229B56-6A99-40D4-8348-5CD119920506}"
EndProject
Global
	GlobalSection(SolutionConfigurationPlatforms) = preSolution
		Debug|Any CPU = Debug|Any CPU
		Release|Any CPU = Release|Any CPU
	EndGlobalSection
	GlobalSection(ProjectConfigurationPlatforms) = postSolution
		{F37A4825-0D8B-4284-860B-12CC8CED4ECA}.Debug|Any CPU.ActiveCfg = Debug|Any CPU
		{F37A4825-0D8B-4284-860B-12CC8CED4ECA}.Debug|Any CPU.Build.0 = Debug|Any CPU
		{F37A4825-0D8B-4284-860B-12CC8CED4ECA}.Release|Any CPU.ActiveCfg = Release|Any CPU
		{F37A4825-0D8B-4284-860B-12CC8CED4ECA}.Release|Any CPU.Build.0 = Release|Any CPU
		{510036C2-28E8-495F-894E-F1118B4616BE}.Debug|Any CPU.ActiveCfg = Debug|Any CPU
		{510036C2-28E8-495F-894E-F1118B4616BE}.Debug|Any CPU.Build.0 = Debug|Any CPU
		{510036C2-28E8-495F-894E-F1118B4616BE}.Release|Any CPU.ActiveCfg = Release|Any CPU
		{510036C2-28E8-495F-894E-F1118B4616BE}.Release|Any CPU.Build.0 = Release|Any CPU
		{64229B56-6A99-40D4-8348-5CD119920506}.Debug|Any CPU.ActiveCfg = Debug|Any CPU
		{64229B56-6A99-40D4-8348-5CD119920506}.Debug|Any CPU.Build.0 = Debug|Any CPU
		{64229B56-6A99-40D4-8348-5CD119920506}.Release|Any CPU.ActiveCfg = Release|Any CPU
		{64229B56-6A99-40D4-8348-5CD119920506}.Release|Any CPU.Build.0 = Release|Any CPU
	EndGlobalSection
	GlobalSection(SolutionProperties) = preSolution
		HideSolutionNode = FALSE
	EndGlobalSection
EndGlobal
