
Microsoft Visual Studio Solution File, Format Version 12.00
# Visual Studio 2013
VisualStudioVersion = 12.0.21005.1
MinimumVisualStudioVersion = 10.0.40219.1
Project("{FAE04EC0-301F-11D3-BF4B-00C04F79EFBC}") = "TelerikPaperCutter", "TelerikPaperCutter\TelerikPaperCutter.csproj", "{95DAB5C5-7A70-4A0D-8DC6-BA1EAAB70D71}"
EndProject
Global
	GlobalSection(SolutionConfigurationPlatforms) = preSolution
		Debug|Any CPU = Debug|Any CPU
		Release|Any CPU = Release|Any CPU
	EndGlobalSection
	GlobalSection(ProjectConfigurationPlatforms) = postSolution
		{95DAB5C5-7A70-4A0D-8DC6-BA1EAAB70D71}.Debug|Any CPU.ActiveCfg = Debug|Any CPU
		{95DAB5C5-7A70-4A0D-8DC6-BA1EAAB70D71}.Debug|Any CPU.Build.0 = Debug|Any CPU
		{95DAB5C5-7A70-4A0D-8DC6-BA1EAAB70D71}.Release|Any CPU.ActiveCfg = Release|Any CPU
		{95DAB5C5-7A70-4A0D-8DC6-BA1EAAB70D71}.Release|Any CPU.Build.0 = Release|Any CPU
	EndGlobalSection
	GlobalSection(SolutionProperties) = preSolution
		HideSolutionNode = FALSE
	EndGlobalSection
EndGlobal
