
Microsoft Visual Studio Solution File, Format Version 12.00
# Visual Studio 2013
VisualStudioVersion = 12.0.21005.1
MinimumVisualStudioVersion = 10.0.40219.1
Project("{FAE04EC0-301F-11D3-BF4B-00C04F79EFBC}") = "ReverseNumbersWithAStack", "StacksAndQueues\ReverseNumbersWithAStack.csproj", "{ABC10759-1D8E-4371-A5C0-E1FC93C87DC6}"
EndProject
Project("{FAE04EC0-301F-11D3-BF4B-00C04F79EFBC}") = "BasicStackOperations", "BasicStackOperations\BasicStackOperations.csproj", "{1F80F06D-A6DA-47FC-8FC8-91E933504E09}"
EndProject
Project("{FAE04EC0-301F-11D3-BF4B-00C04F79EFBC}") = "MaximumElement", "MaximumElement\MaximumElement.csproj", "{0B58777B-0F55-4AFF-B6BE-9CDFCE11F569}"
EndProject
Project("{FAE04EC0-301F-11D3-BF4B-00C04F79EFBC}") = "BasiqQueueOperations", "BasiqQueueOperations\BasiqQueueOperations.csproj", "{19B2A700-B535-4D5B-A7B9-111C7A5F568E}"
EndProject
Project("{FAE04EC0-301F-11D3-BF4B-00C04F79EFBC}") = "CalculateSequenceWithQueue", "CalculateSequenceWithQueue\CalculateSequenceWithQueue.csproj", "{F08B787D-B1E9-4E8E-A25A-60CBAE7B656B}"
EndProject
Global
	GlobalSection(SolutionConfigurationPlatforms) = preSolution
		Debug|Any CPU = Debug|Any CPU
		Release|Any CPU = Release|Any CPU
	EndGlobalSection
	GlobalSection(ProjectConfigurationPlatforms) = postSolution
		{ABC10759-1D8E-4371-A5C0-E1FC93C87DC6}.Debug|Any CPU.ActiveCfg = Debug|Any CPU
		{ABC10759-1D8E-4371-A5C0-E1FC93C87DC6}.Debug|Any CPU.Build.0 = Debug|Any CPU
		{ABC10759-1D8E-4371-A5C0-E1FC93C87DC6}.Release|Any CPU.ActiveCfg = Release|Any CPU
		{ABC10759-1D8E-4371-A5C0-E1FC93C87DC6}.Release|Any CPU.Build.0 = Release|Any CPU
		{1F80F06D-A6DA-47FC-8FC8-91E933504E09}.Debug|Any CPU.ActiveCfg = Debug|Any CPU
		{1F80F06D-A6DA-47FC-8FC8-91E933504E09}.Debug|Any CPU.Build.0 = Debug|Any CPU
		{1F80F06D-A6DA-47FC-8FC8-91E933504E09}.Release|Any CPU.ActiveCfg = Release|Any CPU
		{1F80F06D-A6DA-47FC-8FC8-91E933504E09}.Release|Any CPU.Build.0 = Release|Any CPU
		{0B58777B-0F55-4AFF-B6BE-9CDFCE11F569}.Debug|Any CPU.ActiveCfg = Debug|Any CPU
		{0B58777B-0F55-4AFF-B6BE-9CDFCE11F569}.Debug|Any CPU.Build.0 = Debug|Any CPU
		{0B58777B-0F55-4AFF-B6BE-9CDFCE11F569}.Release|Any CPU.ActiveCfg = Release|Any CPU
		{0B58777B-0F55-4AFF-B6BE-9CDFCE11F569}.Release|Any CPU.Build.0 = Release|Any CPU
		{19B2A700-B535-4D5B-A7B9-111C7A5F568E}.Debug|Any CPU.ActiveCfg = Debug|Any CPU
		{19B2A700-B535-4D5B-A7B9-111C7A5F568E}.Debug|Any CPU.Build.0 = Debug|Any CPU
		{19B2A700-B535-4D5B-A7B9-111C7A5F568E}.Release|Any CPU.ActiveCfg = Release|Any CPU
		{19B2A700-B535-4D5B-A7B9-111C7A5F568E}.Release|Any CPU.Build.0 = Release|Any CPU
		{F08B787D-B1E9-4E8E-A25A-60CBAE7B656B}.Debug|Any CPU.ActiveCfg = Debug|Any CPU
		{F08B787D-B1E9-4E8E-A25A-60CBAE7B656B}.Debug|Any CPU.Build.0 = Debug|Any CPU
		{F08B787D-B1E9-4E8E-A25A-60CBAE7B656B}.Release|Any CPU.ActiveCfg = Release|Any CPU
		{F08B787D-B1E9-4E8E-A25A-60CBAE7B656B}.Release|Any CPU.Build.0 = Release|Any CPU
	EndGlobalSection
	GlobalSection(SolutionProperties) = preSolution
		HideSolutionNode = FALSE
	EndGlobalSection
EndGlobal
