
Microsoft Visual Studio Solution File, Format Version 12.00
# Visual Studio 14
VisualStudioVersion = 14.0.24720.0
MinimumVisualStudioVersion = 10.0.40219.1
Project("{FAE04EC0-301F-11D3-BF4B-00C04F79EFBC}") = "UniqueUsernames", "SoftUniCSharpAdvSetAndDictionariesExercises\UniqueUsernames.csproj", "{50BD10F5-FD27-4353-AD1B-5CA234E02BF5}"
EndProject
Project("{FAE04EC0-301F-11D3-BF4B-00C04F79EFBC}") = "SetsOfElements", "SetsOfElements\SetsOfElements.csproj", "{354BA33D-9391-4BAD-A56E-52858A3137C2}"
EndProject
Project("{FAE04EC0-301F-11D3-BF4B-00C04F79EFBC}") = "PeriodicTable", "PeriodicTable\PeriodicTable.csproj", "{A7C0BDFC-F538-458C-B023-01D1535B0433}"
EndProject
Project("{FAE04EC0-301F-11D3-BF4B-00C04F79EFBC}") = "CountSymbols", "CountSymbols\CountSymbols.csproj", "{C0D36A4D-DF69-406A-8812-EACEACAA6C82}"
EndProject
Project("{FAE04EC0-301F-11D3-BF4B-00C04F79EFBC}") = "Phonebook", "Phonebook\Phonebook.csproj", "{39C3D9FF-8243-4766-9387-FC7FB3353A51}"
EndProject
Project("{FAE04EC0-301F-11D3-BF4B-00C04F79EFBC}") = "AMinerTask", "AMinerTask\AMinerTask.csproj", "{62935545-44A4-4E20-9E1A-1A6FEFBF0B4F}"
EndProject
Project("{FAE04EC0-301F-11D3-BF4B-00C04F79EFBC}") = "FixEmails", "FixEmails\FixEmails.csproj", "{82121685-394D-4AEC-AEE5-40B116CF8EBE}"
EndProject
Project("{FAE04EC0-301F-11D3-BF4B-00C04F79EFBC}") = "HandsOfCards", "HandsOfCards\HandsOfCards.csproj", "{DD9FA680-0A9E-45AF-82C4-4AB14F50F3F9}"
EndProject
Project("{FAE04EC0-301F-11D3-BF4B-00C04F79EFBC}") = "UserLogs", "UserLogs\UserLogs.csproj", "{17480DAB-60C7-4232-8086-ED92F88A2265}"
EndProject
Project("{FAE04EC0-301F-11D3-BF4B-00C04F79EFBC}") = "PopulationCounter", "PopulationCounter\PopulationCounter.csproj", "{738A0DFC-FD65-4034-A473-D9257EBBBD72}"
EndProject
Project("{FAE04EC0-301F-11D3-BF4B-00C04F79EFBC}") = "LogsAggregator", "LogsAggregator\LogsAggregator.csproj", "{850483FF-2AE6-4EC2-A6FE-801B211CD46A}"
EndProject
Project("{FAE04EC0-301F-11D3-BF4B-00C04F79EFBC}") = "LegendaryFarming", "LegendaryFarming\LegendaryFarming.csproj", "{C6653933-69ED-4D4C-98CF-0AC5F165B9C5}"
EndProject
Project("{FAE04EC0-301F-11D3-BF4B-00C04F79EFBC}") = "MusicUnleashed", "MusicUnleashed\MusicUnleashed.csproj", "{24A25E0B-0F4A-4F6E-A589-2C66F03687D6}"
EndProject
Project("{FAE04EC0-301F-11D3-BF4B-00C04F79EFBC}") = "DragonArmy", "DragonArmy\DragonArmy.csproj", "{1AD78D3B-DA95-46D1-AB70-96B42B8B352B}"
EndProject
Global
	GlobalSection(SolutionConfigurationPlatforms) = preSolution
		Debug|Any CPU = Debug|Any CPU
		Release|Any CPU = Release|Any CPU
	EndGlobalSection
	GlobalSection(ProjectConfigurationPlatforms) = postSolution
		{50BD10F5-FD27-4353-AD1B-5CA234E02BF5}.Debug|Any CPU.ActiveCfg = Debug|Any CPU
		{50BD10F5-FD27-4353-AD1B-5CA234E02BF5}.Debug|Any CPU.Build.0 = Debug|Any CPU
		{50BD10F5-FD27-4353-AD1B-5CA234E02BF5}.Release|Any CPU.ActiveCfg = Release|Any CPU
		{50BD10F5-FD27-4353-AD1B-5CA234E02BF5}.Release|Any CPU.Build.0 = Release|Any CPU
		{354BA33D-9391-4BAD-A56E-52858A3137C2}.Debug|Any CPU.ActiveCfg = Debug|Any CPU
		{354BA33D-9391-4BAD-A56E-52858A3137C2}.Debug|Any CPU.Build.0 = Debug|Any CPU
		{354BA33D-9391-4BAD-A56E-52858A3137C2}.Release|Any CPU.ActiveCfg = Release|Any CPU
		{354BA33D-9391-4BAD-A56E-52858A3137C2}.Release|Any CPU.Build.0 = Release|Any CPU
		{A7C0BDFC-F538-458C-B023-01D1535B0433}.Debug|Any CPU.ActiveCfg = Debug|Any CPU
		{A7C0BDFC-F538-458C-B023-01D1535B0433}.Debug|Any CPU.Build.0 = Debug|Any CPU
		{A7C0BDFC-F538-458C-B023-01D1535B0433}.Release|Any CPU.ActiveCfg = Release|Any CPU
		{A7C0BDFC-F538-458C-B023-01D1535B0433}.Release|Any CPU.Build.0 = Release|Any CPU
		{C0D36A4D-DF69-406A-8812-EACEACAA6C82}.Debug|Any CPU.ActiveCfg = Debug|Any CPU
		{C0D36A4D-DF69-406A-8812-EACEACAA6C82}.Debug|Any CPU.Build.0 = Debug|Any CPU
		{C0D36A4D-DF69-406A-8812-EACEACAA6C82}.Release|Any CPU.ActiveCfg = Release|Any CPU
		{C0D36A4D-DF69-406A-8812-EACEACAA6C82}.Release|Any CPU.Build.0 = Release|Any CPU
		{39C3D9FF-8243-4766-9387-FC7FB3353A51}.Debug|Any CPU.ActiveCfg = Debug|Any CPU
		{39C3D9FF-8243-4766-9387-FC7FB3353A51}.Debug|Any CPU.Build.0 = Debug|Any CPU
		{39C3D9FF-8243-4766-9387-FC7FB3353A51}.Release|Any CPU.ActiveCfg = Release|Any CPU
		{39C3D9FF-8243-4766-9387-FC7FB3353A51}.Release|Any CPU.Build.0 = Release|Any CPU
		{62935545-44A4-4E20-9E1A-1A6FEFBF0B4F}.Debug|Any CPU.ActiveCfg = Debug|Any CPU
		{62935545-44A4-4E20-9E1A-1A6FEFBF0B4F}.Debug|Any CPU.Build.0 = Debug|Any CPU
		{62935545-44A4-4E20-9E1A-1A6FEFBF0B4F}.Release|Any CPU.ActiveCfg = Release|Any CPU
		{62935545-44A4-4E20-9E1A-1A6FEFBF0B4F}.Release|Any CPU.Build.0 = Release|Any CPU
		{82121685-394D-4AEC-AEE5-40B116CF8EBE}.Debug|Any CPU.ActiveCfg = Debug|Any CPU
		{82121685-394D-4AEC-AEE5-40B116CF8EBE}.Debug|Any CPU.Build.0 = Debug|Any CPU
		{82121685-394D-4AEC-AEE5-40B116CF8EBE}.Release|Any CPU.ActiveCfg = Release|Any CPU
		{82121685-394D-4AEC-AEE5-40B116CF8EBE}.Release|Any CPU.Build.0 = Release|Any CPU
		{DD9FA680-0A9E-45AF-82C4-4AB14F50F3F9}.Debug|Any CPU.ActiveCfg = Debug|Any CPU
		{DD9FA680-0A9E-45AF-82C4-4AB14F50F3F9}.Debug|Any CPU.Build.0 = Debug|Any CPU
		{DD9FA680-0A9E-45AF-82C4-4AB14F50F3F9}.Release|Any CPU.ActiveCfg = Release|Any CPU
		{DD9FA680-0A9E-45AF-82C4-4AB14F50F3F9}.Release|Any CPU.Build.0 = Release|Any CPU
		{17480DAB-60C7-4232-8086-ED92F88A2265}.Debug|Any CPU.ActiveCfg = Debug|Any CPU
		{17480DAB-60C7-4232-8086-ED92F88A2265}.Debug|Any CPU.Build.0 = Debug|Any CPU
		{17480DAB-60C7-4232-8086-ED92F88A2265}.Release|Any CPU.ActiveCfg = Release|Any CPU
		{17480DAB-60C7-4232-8086-ED92F88A2265}.Release|Any CPU.Build.0 = Release|Any CPU
		{738A0DFC-FD65-4034-A473-D9257EBBBD72}.Debug|Any CPU.ActiveCfg = Debug|Any CPU
		{738A0DFC-FD65-4034-A473-D9257EBBBD72}.Debug|Any CPU.Build.0 = Debug|Any CPU
		{738A0DFC-FD65-4034-A473-D9257EBBBD72}.Release|Any CPU.ActiveCfg = Release|Any CPU
		{738A0DFC-FD65-4034-A473-D9257EBBBD72}.Release|Any CPU.Build.0 = Release|Any CPU
		{850483FF-2AE6-4EC2-A6FE-801B211CD46A}.Debug|Any CPU.ActiveCfg = Debug|Any CPU
		{850483FF-2AE6-4EC2-A6FE-801B211CD46A}.Debug|Any CPU.Build.0 = Debug|Any CPU
		{850483FF-2AE6-4EC2-A6FE-801B211CD46A}.Release|Any CPU.ActiveCfg = Release|Any CPU
		{850483FF-2AE6-4EC2-A6FE-801B211CD46A}.Release|Any CPU.Build.0 = Release|Any CPU
		{C6653933-69ED-4D4C-98CF-0AC5F165B9C5}.Debug|Any CPU.ActiveCfg = Debug|Any CPU
		{C6653933-69ED-4D4C-98CF-0AC5F165B9C5}.Debug|Any CPU.Build.0 = Debug|Any CPU
		{C6653933-69ED-4D4C-98CF-0AC5F165B9C5}.Release|Any CPU.ActiveCfg = Release|Any CPU
		{C6653933-69ED-4D4C-98CF-0AC5F165B9C5}.Release|Any CPU.Build.0 = Release|Any CPU
		{24A25E0B-0F4A-4F6E-A589-2C66F03687D6}.Debug|Any CPU.ActiveCfg = Debug|Any CPU
		{24A25E0B-0F4A-4F6E-A589-2C66F03687D6}.Debug|Any CPU.Build.0 = Debug|Any CPU
		{24A25E0B-0F4A-4F6E-A589-2C66F03687D6}.Release|Any CPU.ActiveCfg = Release|Any CPU
		{24A25E0B-0F4A-4F6E-A589-2C66F03687D6}.Release|Any CPU.Build.0 = Release|Any CPU
		{1AD78D3B-DA95-46D1-AB70-96B42B8B352B}.Debug|Any CPU.ActiveCfg = Debug|Any CPU
		{1AD78D3B-DA95-46D1-AB70-96B42B8B352B}.Debug|Any CPU.Build.0 = Debug|Any CPU
		{1AD78D3B-DA95-46D1-AB70-96B42B8B352B}.Release|Any CPU.ActiveCfg = Release|Any CPU
		{1AD78D3B-DA95-46D1-AB70-96B42B8B352B}.Release|Any CPU.Build.0 = Release|Any CPU
	EndGlobalSection
	GlobalSection(SolutionProperties) = preSolution
		HideSolutionNode = FALSE
	EndGlobalSection
EndGlobal
