
Microsoft Visual Studio Solution File, Format Version 12.00
# Visual Studio 2013
VisualStudioVersion = 12.0.21005.1
MinimumVisualStudioVersion = 10.0.40219.1
Project("{FAE04EC0-301F-11D3-BF4B-00C04F79EFBC}") = "PracticeLambdaLinqDefaultValues", "PracticeLambdaLinqDefaultValues\PracticeLambdaLinqDefaultValues.csproj", "{BCA08CC3-F400-4127-9239-1E5D1E83758C}"
EndProject
Global
	GlobalSection(SolutionConfigurationPlatforms) = preSolution
		Debug|Any CPU = Debug|Any CPU
		Release|Any CPU = Release|Any CPU
	EndGlobalSection
	GlobalSection(ProjectConfigurationPlatforms) = postSolution
		{BCA08CC3-F400-4127-9239-1E5D1E83758C}.Debug|Any CPU.ActiveCfg = Debug|Any CPU
		{BCA08CC3-F400-4127-9239-1E5D1E83758C}.Debug|Any CPU.Build.0 = Debug|Any CPU
		{BCA08CC3-F400-4127-9239-1E5D1E83758C}.Release|Any CPU.ActiveCfg = Release|Any CPU
		{BCA08CC3-F400-4127-9239-1E5D1E83758C}.Release|Any CPU.Build.0 = Release|Any CPU
	EndGlobalSection
	GlobalSection(SolutionProperties) = preSolution
		HideSolutionNode = FALSE
	EndGlobalSection
EndGlobal
