
Microsoft Visual Studio Solution File, Format Version 12.00
# Visual Studio 2013
VisualStudioVersion = 12.0.21005.1
MinimumVisualStudioVersion = 10.0.40219.1
Project("{FAE04EC0-301F-11D3-BF4B-00C04F79EFBC}") = "Practice3KnightGame", "Practice3KnightGame\Practice3KnightGame.csproj", "{9D99A9FA-3694-4BE6-A676-7E7F60CCB32E}"
EndProject
Global
	GlobalSection(SolutionConfigurationPlatforms) = preSolution
		Debug|Any CPU = Debug|Any CPU
		Release|Any CPU = Release|Any CPU
	EndGlobalSection
	GlobalSection(ProjectConfigurationPlatforms) = postSolution
		{9D99A9FA-3694-4BE6-A676-7E7F60CCB32E}.Debug|Any CPU.ActiveCfg = Debug|Any CPU
		{9D99A9FA-3694-4BE6-A676-7E7F60CCB32E}.Debug|Any CPU.Build.0 = Debug|Any CPU
		{9D99A9FA-3694-4BE6-A676-7E7F60CCB32E}.Release|Any CPU.ActiveCfg = Release|Any CPU
		{9D99A9FA-3694-4BE6-A676-7E7F60CCB32E}.Release|Any CPU.Build.0 = Release|Any CPU
	EndGlobalSection
	GlobalSection(SolutionProperties) = preSolution
		HideSolutionNode = FALSE
	EndGlobalSection
EndGlobal
